
Microsoft Visual Studio Solution File, Format Version 12.00
# Visual Studio Version 17
VisualStudioVersion = 17.0.31903.59
MinimumVisualStudioVersion = 10.0.40219.1
Project("{9A19103F-16F7-4668-BE54-9A1E7A4F7556}") = "coreConsoleApplication", "coreConsoleApplication\coreConsoleApplication.csproj", "{9A89F3FA-617A-4E16-8F13-C29BAF22D2AA}"
EndProject
Project("{FAE04EC0-301F-11D3-BF4B-00C04F79EFBC}") = "coreObjectOrientedConcepts", "coreObjectOrientedConcepts\coreObjectOrientedConcepts.csproj", "{18DDC02A-9B4A-4F93-937F-0A1CF15D1FC8}"
EndProject
Global
	GlobalSection(SolutionConfigurationPlatforms) = preSolution
		Debug|Any CPU = Debug|Any CPU
		Release|Any CPU = Release|Any CPU
	EndGlobalSection
	GlobalSection(ProjectConfigurationPlatforms) = postSolution
		{9A89F3FA-617A-4E16-8F13-C29BAF22D2AA}.Debug|Any CPU.ActiveCfg = Debug|Any CPU
		{9A89F3FA-617A-4E16-8F13-C29BAF22D2AA}.Debug|Any CPU.Build.0 = Debug|Any CPU
		{9A89F3FA-617A-4E16-8F13-C29BAF22D2AA}.Release|Any CPU.ActiveCfg = Release|Any CPU
		{9A89F3FA-617A-4E16-8F13-C29BAF22D2AA}.Release|Any CPU.Build.0 = Release|Any CPU
		{18DDC02A-9B4A-4F93-937F-0A1CF15D1FC8}.Debug|Any CPU.ActiveCfg = Debug|Any CPU
		{18DDC02A-9B4A-4F93-937F-0A1CF15D1FC8}.Debug|Any CPU.Build.0 = Debug|Any CPU
		{18DDC02A-9B4A-4F93-937F-0A1CF15D1FC8}.Release|Any CPU.ActiveCfg = Release|Any CPU
		{18DDC02A-9B4A-4F93-937F-0A1CF15D1FC8}.Release|Any CPU.Build.0 = Release|Any CPU
	EndGlobalSection
	GlobalSection(SolutionProperties) = preSolution
		HideSolutionNode = FALSE
	EndGlobalSection
EndGlobal
